core:changelogs:
  - content: "---\npackages:\n  npm:@2digits/config-monorepo:\n    type: patch\n---\n\n## Update @effect/tsgo to 0.48.1\n"
    filename: 2026-10-06-bold-robins-cedar.md
    v: 0.0.0
  - content: "---\npackages:\n  npm:@2digits/config-monorepo:\n    type: patch\n---\n\n## Update pnpm to 12.10.0\n"
    filename: 2026-10-06-clear-finches-amber.md
    v: 0.0.0
  - content: "---\npackages:\n  npm:@2digits/oxlint-config:\n    type: patch\n  npm:@2digits/config-monorepo:\n    type: patch\n---\n\n## Update oxlint to 1.87.0\n"
    filename: 2026-10-06-proud-cranes-oak.md
    v: 0.0.0
  - content: "---\npackages:\n  npm:@2digits/oxfmt-config:\n    type: patch\n  npm:@2digits/config-monorepo:\n    type: patch\n---\n\n## Update oxfmt to 0.72.0\n"
    filename: 2026-10-06-quick-seals-flint.md
    v: 0.0.0
  - content: "---\npackages:\n  npm:@2digits/config-monorepo:\n    type: patch\n---\n\n## Update @effect/vitest to 4.0.1\n"
    filename: 2026-10-06-steady-gulls-slate.md
    v: 0.0.0
  - content: "---\npackages:\n  npm:@2digits/config-monorepo:\n    type: patch\n---\n\n## Update GitButler agent guidance to 0.5.2217\n\n- Added guidance for creating linked worktrees at the workspace base or a selected commit.\n"
    filename: 2026-10-06-still-beavers-hazel.md
    v: 0.0.0
  - content: "---\npackages:\n  npm:@2digits/config-monorepo:\n    type: patch\n---\n\n## Update pkg-pr-new to 0.0.90\n"
    filename: 2026-10-06-tidy-pandas-quartz.md
    v: 0.0.0
  - content: "---\npackages:\n  npm:@2digits/cli:\n    type: patch\n  npm:@2digits/tlo-mcp:\n    type: patch\n---\n\n## Update @effect/platform-node to 4.0.1\n"
    filename: 2026-10-06-calm-foxes-birch.md
    v: 0.0.0
  - content: "---\npackages:\n  npm:@2digits/cli:\n    type: patch\n  npm:@2digits/tlo-mcp:\n    type: patch\n  npm:@2digits/oxlint-plugin:\n    type: patch\n---\n\n## Update effect to 4.0.1\n"
    filename: 2026-10-06-warm-deer-moss.md
    v: 0.0.0
  - content: "---\npackages:\n  npm:@2digits/eslint-config:\n    type: patch\n---\n\n## Update @eslint-react/eslint-plugin to 5.24.6\n"
    filename: 2026-10-06-bright-moles-elm.md
    v: 0.0.0
  - content: "---\npackages:\n  npm:@2digits/eslint-config:\n    type: patch\n---\n\n## Update @eslint-react/kit to 5.24.6\n"
    filename: 2026-10-06-crisp-wrens-jade.md
    v: 0.0.0
  - content: "---\npackages:\n  npm:@2digits/eslint-config:\n    type: patch\n  npm:@2digits/eslint-plugin:\n    type: patch\n---\n\n## Update @typescript-eslint/utils to 8.71.1\n"
    filename: 2026-10-06-fresh-swans-pearl.md
    v: 0.0.0
  - content: "---\npackages:\n  npm:@2digits/eslint-config:\n    type: patch\n---\n\n## Update @typescript-eslint/parser to 8.71.1\n"
    filename: 2026-10-06-neat-lynxes-opal.md
    v: 0.0.0
  - content: "---\npackages:\n  npm:@2digits/eslint-config:\n    type: patch\n  npm:@2digits/oxlint-config:\n    type: patch\n---\n\n## Allow custom messages in Vitest assertions\n\n- Allowed a second argument to `expect` by setting `vitest/valid-expect` to `maxArgs: 2`.\n"
    filename: 2026-10-06-quiet-otters-maple.md
    v: 0.0.0
  - content: "---\npackages:\n  npm:@2digits/eslint-config:\n    type: patch\n---\n\n## Update typescript-eslint to 8.71.1\n"
    filename: 2026-10-06-sunny-larks-topaz.md
    v: 0.0.0
  - content: "---\npackages:\n  npm:@2digits/eslint-plugin:\n    type: patch\n---\n\n## Update @typescript-eslint/scope-manager to 8.71.1\n"
    filename: 2026-10-06-kind-ravens-ash.md
    v: 0.0.0
  - content: "---\npackages:\n  npm:@2digits/eslint-plugin:\n    type: patch\n---\n\n## Simplify inline array callback message types\n\n- Replaced the message-id constant with a literal type without changing rule behavior.\n"
    filename: 2026-10-06-soft-badgers-willow.md
    v: 0.0.0
  - content: "---\npackages:\n  npm:@2digits/oxlint-config:\n    type: major\n---\n\n## Replace TwoDigitsConfig with OxlintConfig\n\n- Removed the exported `TwoDigitsConfig` type; use `OxlintConfig` instead.\n- Changed `withTwoDigits` to accept and return `OxlintConfig`, removing the custom allowance for binary-patched `effecttsgo` plugins.\n"
    filename: 2026-10-06-brisk-herons-copper.md
    v: 0.0.0
  - content: "---\npackages:\n  npm:@2digits/oxlint-plugin:\n    type: patch\n---\n\n## Update @oxlint/plugins to 1.87.0\n"
    filename: 2026-10-06-merry-hawks-pine.md
    v: 0.0.0
  - content: "---\npackages:\n  npm:@2digits/renovate-config:\n    type: patch\n---\n\n## Update renovate to 44.138.1\n"
    filename: 2026-10-06-gentle-kites-spruce.md
    v: 0.0.0
core:packages:
  - changelogIds:
      - 2026-10-06-bold-robins-cedar.md
      - 2026-10-06-clear-finches-amber.md
      - 2026-10-06-proud-cranes-oak.md
      - 2026-10-06-quick-seals-flint.md
      - 2026-10-06-steady-gulls-slate.md
      - 2026-10-06-still-beavers-hazel.md
      - 2026-10-06-tidy-pandas-quartz.md
    id: npm:@2digits/config-monorepo
    updated: true
  - id: npm:@2digits/constants
    updated: false
  - changelogIds:
      - 2026-10-06-calm-foxes-birch.md
      - 2026-10-06-warm-deer-moss.md
    id: npm:@2digits/cli
    updated: true
  - changelogIds:
      - 2026-10-06-bright-moles-elm.md
      - 2026-10-06-crisp-wrens-jade.md
      - 2026-10-06-fresh-swans-pearl.md
      - 2026-10-06-neat-lynxes-opal.md
      - 2026-10-06-quiet-otters-maple.md
      - 2026-10-06-sunny-larks-topaz.md
    id: npm:@2digits/eslint-config
    updated: true
  - changelogIds:
      - 2026-10-06-fresh-swans-pearl.md
      - 2026-10-06-kind-ravens-ash.md
      - 2026-10-06-soft-badgers-willow.md
    id: npm:@2digits/eslint-plugin
    updated: true
  - id: npm:@2digits/opencode-plugin
    updated: false
  - changelogIds:
      - 2026-10-06-quick-seals-flint.md
    id: npm:@2digits/oxfmt-config
    updated: true
  - changelogIds:
      - 2026-10-06-brisk-herons-copper.md
      - 2026-10-06-proud-cranes-oak.md
      - 2026-10-06-quiet-otters-maple.md
    id: npm:@2digits/oxlint-config
    updated: true
  - changelogIds:
      - 2026-10-06-merry-hawks-pine.md
      - 2026-10-06-warm-deer-moss.md
    id: npm:@2digits/oxlint-plugin
    updated: true
  - id: npm:@2digits/prettier-config
    updated: false
  - changelogIds:
      - 2026-10-06-gentle-kites-spruce.md
    id: npm:@2digits/renovate-config
    updated: true
  - changelogIds:
      - 2026-10-06-calm-foxes-birch.md
      - 2026-10-06-warm-deer-moss.md
    id: npm:@2digits/tlo-mcp
    updated: true
  - id: npm:@2digits/tsconfig
    updated: false
npm:packages:
  - id: npm:@2digits/config-monorepo
  - id: npm:@2digits/constants
  - id: npm:@2digits/cli
  - id: npm:@2digits/eslint-config
  - id: npm:@2digits/eslint-plugin
  - id: npm:@2digits/opencode-plugin
  - id: npm:@2digits/oxfmt-config
  - id: npm:@2digits/oxlint-config
  - id: npm:@2digits/oxlint-plugin
  - id: npm:@2digits/prettier-config
  - id: npm:@2digits/renovate-config
  - id: npm:@2digits/tlo-mcp
  - id: npm:@2digits/tsconfig
