core:changelogs:
  - content: "---\npackages:\n  npm:@2digits/config-monorepo:\n    type: patch\n---\n\n## Update `@effect/tsgo` to 0.37.0\n"
    filename: 2026-08-25-dapper-otters-tsgo.md
    v: 0.0.0
  - content: "---\npackages:\n  npm:@2digits/config-monorepo:\n    type: patch\n---\n\n## Update `baseline-browser-mapping` to 2.11.19\n"
    filename: 2026-08-25-tidy-beavers-baseline.md
    v: 0.0.0
  - content: "---\npackages:\n  npm:@2digits/config-monorepo:\n    type: patch\n---\n\n## Update pnpm to 11.24.0\n"
    filename: 2026-08-25-vivid-owls-pnpm.md
    v: 0.0.0
  - content: "---\npackages:\n  npm:@2digits/config-monorepo:\n    type: patch\n---\n\n## Prepare Amp orbs for development\n\n- Added lifecycle scripts that install Vite+ and restore frozen workspace dependencies in fresh orbs.\n"
    filename: 2026-08-25-warm-martens-orbs.md
    v: 0.0.0
  - content: "---\npackages:\n  npm:@2digits/config-monorepo:\n    type: patch\n---\n\n## Update renovate to 44.46.0\n"
    filename: 2026-08-26-gentle-lynxes-renovate.md
    v: 0.0.0
  - content: "---\npackages:\n  npm:@2digits/config-monorepo:\n    type: patch\n---\n\n## Update turbo to 2.10.12\n"
    filename: 2026-08-26-swift-ravens-turbo.md
    v: 0.0.0
  - content: "---\npackages:\n  npm:@2digits/cli:\n    type: patch\n  npm:@2digits/tlo-mcp:\n    type: patch\n---\n\n## Update `effect` to 4.0.0-rc.112\n"
    filename: 2026-08-25-brave-kestrels-effect.md
    v: 0.0.0
  - content: "---\npackages:\n  npm:@2digits/cli:\n    type: patch\n  npm:@2digits/tlo-mcp:\n    type: patch\n---\n\n## Update `@effect/platform-node` to 4.0.0-rc.112\n"
    filename: 2026-08-25-calm-lynxes-platform.md
    v: 0.0.0
  - content: "---\npackages:\n  npm:@2digits/eslint-config:\n    type: patch\n---\n\n## Update `@next/eslint-plugin-next` to 16.3.3\n"
    filename: 2026-08-25-eager-pandas-next.md
    v: 0.0.0
  - content: "---\npackages:\n  npm:@2digits/eslint-config:\n    type: patch\n---\n\n## Update `@tanstack/eslint-plugin-query` to 5.102.3\n"
    filename: 2026-08-25-gentle-wolves-query.md
    v: 0.0.0
  - content: "---\npackages:\n  npm:@2digits/eslint-config:\n    type: patch\n  npm:@2digits/eslint-plugin:\n    type: patch\n---\n\n## Update `typescript-eslint` packages to 8.68.0\n"
    filename: 2026-08-25-lively-geese-typescript-eslint.md
    v: 0.0.0
  - content: "---\npackages:\n  npm:@2digits/eslint-config:\n    type: patch\n  npm:@2digits/oxlint-config:\n    type: patch\n---\n\n## Update `eslint-plugin-zod` to 4.10.0\n\n- Enabled `zod/prefer-string-length-over-min-max` to prefer `.length(n)` over matching `.min(n).max(n)` calls.\n"
    filename: 2026-08-25-merry-foxes-zod.md
    v: 0.0.0
  - content: "---\npackages:\n  npm:@2digits/eslint-config:\n    type: patch\n  npm:@2digits/eslint-plugin:\n    type: patch\n---\n\n## Update `eslint` to 10.9.1\n"
    filename: 2026-08-25-nimble-badgers-eslint.md
    v: 0.0.0
  - content: "---\npackages:\n  npm:@2digits/eslint-config:\n    type: patch\n---\n\n## Update `@tanstack/eslint-plugin-query` to 5.102.4\n"
    filename: 2026-08-26-brisk-otters-query.md
    v: 0.0.0
  - content: "---\npackages:\n  npm:@2digits/eslint-config:\n    type: patch\n---\n\n## Update `eslint-plugin-turbo` to 2.10.12\n"
    filename: 2026-08-26-copper-ibises-eslint-turbo.md
    v: 0.0.0
  - content: "---\npackages:\n  npm:@2digits/opencode-plugin:\n    type: patch\n---\n\n## Update `@opencode-ai/plugin` to 1.18.23\n"
    filename: 2026-08-25-fuzzy-ravens-opencode.md
    v: 0.0.0
  - content: "---\npackages:\n  npm:@2digits/opencode-plugin:\n    type: patch\n---\n\n## Update `posthog-node` to 5.51.2\n"
    filename: 2026-08-25-silver-storks-posthog.md
    v: 0.0.0
  - content: "---\npackages:\n  npm:@2digits/oxfmt-config:\n    type: patch\n---\n\n## Update `oxfmt` to 0.65.0\n"
    filename: 2026-08-25-quiet-herons-oxfmt.md
    v: 0.0.0
  - content: "---\npackages:\n  npm:@2digits/oxlint-config:\n    type: patch\n---\n\n## Update `oxlint` to 1.80.0\n"
    filename: 2026-08-25-rapid-ibises-oxlint.md
    v: 0.0.0
core:packages:
  - changelogIds:
      - 2026-08-25-dapper-otters-tsgo.md
      - 2026-08-25-tidy-beavers-baseline.md
      - 2026-08-25-vivid-owls-pnpm.md
      - 2026-08-25-warm-martens-orbs.md
      - 2026-08-26-gentle-lynxes-renovate.md
      - 2026-08-26-swift-ravens-turbo.md
    id: npm:@2digits/config-monorepo
    updated: true
  - changelogIds:
      - 2026-08-25-brave-kestrels-effect.md
      - 2026-08-25-calm-lynxes-platform.md
    id: npm:@2digits/cli
    updated: true
  - id: npm:@2digits/constants
    updated: false
  - changelogIds:
      - 2026-08-25-eager-pandas-next.md
      - 2026-08-25-gentle-wolves-query.md
      - 2026-08-25-lively-geese-typescript-eslint.md
      - 2026-08-25-merry-foxes-zod.md
      - 2026-08-25-nimble-badgers-eslint.md
      - 2026-08-26-brisk-otters-query.md
      - 2026-08-26-copper-ibises-eslint-turbo.md
    id: npm:@2digits/eslint-config
    updated: true
  - changelogIds:
      - 2026-08-25-lively-geese-typescript-eslint.md
      - 2026-08-25-nimble-badgers-eslint.md
    id: npm:@2digits/eslint-plugin
    updated: true
  - changelogIds:
      - 2026-08-25-fuzzy-ravens-opencode.md
      - 2026-08-25-silver-storks-posthog.md
    id: npm:@2digits/opencode-plugin
    updated: true
  - changelogIds:
      - 2026-08-25-quiet-herons-oxfmt.md
    id: npm:@2digits/oxfmt-config
    updated: true
  - changelogIds:
      - 2026-08-25-merry-foxes-zod.md
      - 2026-08-25-rapid-ibises-oxlint.md
    id: npm:@2digits/oxlint-config
    updated: true
  - id: npm:@2digits/prettier-config
    updated: false
  - id: npm:@2digits/renovate-config
    updated: false
  - changelogIds:
      - 2026-08-25-brave-kestrels-effect.md
      - 2026-08-25-calm-lynxes-platform.md
    id: npm:@2digits/tlo-mcp
    updated: true
  - id: npm:@2digits/tsconfig
    updated: false
npm:packages:
  - id: npm:@2digits/config-monorepo
  - id: npm:@2digits/cli
  - id: npm:@2digits/constants
  - id: npm:@2digits/eslint-config
  - id: npm:@2digits/eslint-plugin
  - id: npm:@2digits/opencode-plugin
  - id: npm:@2digits/oxfmt-config
  - id: npm:@2digits/oxlint-config
  - id: npm:@2digits/prettier-config
  - id: npm:@2digits/renovate-config
  - id: npm:@2digits/tlo-mcp
  - id: npm:@2digits/tsconfig
