lockfileVersion: '9.0'

settings:
  autoInstallPeers: true
  excludeLinksFromLockfile: false

catalogs:
  default:
    typescript:
      specifier: 5.9.2
      version: 5.9.2

overrides:
  array-includes: npm:@nolyfill/array-includes@1.0.44
  array.prototype.findlast: npm:@nolyfill/array.prototype.findlast@1.0.44
  array.prototype.flat: npm:@nolyfill/array.prototype.flat@1.0.44
  array.prototype.flatmap: npm:@nolyfill/array.prototype.flatmap@1.0.44
  array.prototype.tosorted: npm:@nolyfill/array.prototype.tosorted@1.0.44
  es-iterator-helpers: npm:@nolyfill/es-iterator-helpers@1.0.21
  globalthis: npm:@nolyfill/globalthis@1.0.44
  hasown: npm:@nolyfill/hasown@1.0.44
  is-arguments: npm:@nolyfill/is-arguments@1.0.44
  is-core-module: npm:@nolyfill/is-core-module@1.0.39
  is-generator-function: npm:@nolyfill/is-generator-function@1.0.44
  is-typed-array: npm:@nolyfill/is-typed-array@1.0.44
  isarray: npm:@nolyfill/isarray@1.0.44
  object.assign: npm:@nolyfill/object.assign@1.0.44
  object.entries: npm:@nolyfill/object.entries@1.0.44
  object.fromentries: npm:@nolyfill/object.fromentries@1.0.44
  object.values: npm:@nolyfill/object.values@1.0.44
  rolldown-plugin-dts: 0.15.6
  safe-buffer: npm:@nolyfill/safe-buffer@1.0.44
  safer-buffer: npm:@nolyfill/safer-buffer@1.0.44
  side-channel: npm:@nolyfill/side-channel@1.0.44
  string.prototype.matchall: npm:@nolyfill/string.prototype.matchall@1.0.44
  string.prototype.repeat: npm:@nolyfill/string.prototype.repeat@1.0.44
  which-typed-array: npm:@nolyfill/which-typed-array@1.0.44

importers:

  .:
    devDependencies:
      typescript:
        specifier: 'catalog:'
        version: 5.9.2

packages:

  typescript@5.9.2:
    resolution: {integrity: sha512-CWBzXQrc/qOkhidw1OzBTQuYRbfyxDXJMVJ1XNwUHGROVmuaeiEm3OslpZ1RV96d7SKKjZKrSJu3+t/xlw3R9A==}
    engines: {node: '>=14.17'}
    hasBin: true

snapshots:

  typescript@5.9.2: {}
